
Microsoft Visual Studio Solution File, Format Version 12.00
# Visual Studio Version 16
VisualStudioVersion = 16.0.29920.165
MinimumVisualStudioVersion = 10.0.40219.1
Project("{9A19103F-16F7-4668-BE54-9A1E7A4F7556}") = "RecipePWA", "RecipePWA.csproj", "{149F0E8B-E627-4ADE-A51D-F1CDB3D08963}"
EndProject
Project("{FAE04EC0-301F-11D3-BF4B-00C04F79EFBC}") = "RecipeTest", "..\RecipeTest\RecipeTest.csproj", "{27E111B0-4B06-468E-AA6E-B46E19D584C6}"
EndProject
Global
	GlobalSection(SolutionConfigurationPlatforms) = preSolution
		Debug|Any CPU = Debug|Any CPU
		Release|Any CPU = Release|Any CPU
	EndGlobalSection
	GlobalSection(ProjectConfigurationPlatforms) = postSolution
		{149F0E8B-E627-4ADE-A51D-F1CDB3D08963}.Debug|Any CPU.ActiveCfg = Debug|Any CPU
		{149F0E8B-E627-4ADE-A51D-F1CDB3D08963}.Debug|Any CPU.Build.0 = Debug|Any CPU
		{149F0E8B-E627-4ADE-A51D-F1CDB3D08963}.Release|Any CPU.ActiveCfg = Release|Any CPU
		{149F0E8B-E627-4ADE-A51D-F1CDB3D08963}.Release|Any CPU.Build.0 = Release|Any CPU
		{27E111B0-4B06-468E-AA6E-B46E19D584C6}.Debug|Any CPU.ActiveCfg = Debug|Any CPU
		{27E111B0-4B06-468E-AA6E-B46E19D584C6}.Debug|Any CPU.Build.0 = Debug|Any CPU
		{27E111B0-4B06-468E-AA6E-B46E19D584C6}.Release|Any CPU.ActiveCfg = Release|Any CPU
		{27E111B0-4B06-468E-AA6E-B46E19D584C6}.Release|Any CPU.Build.0 = Release|Any CPU
	EndGlobalSection
	GlobalSection(SolutionProperties) = preSolution
		HideSolutionNode = FALSE
	EndGlobalSection
	GlobalSection(ExtensibilityGlobals) = postSolution
		SolutionGuid = {0D3A0FA3-F9C2-4EE5-87FA-197649B4F761}
	EndGlobalSection
EndGlobal
